// !$*UTF8*$!
{
	archiveVersion = 1;
	classes = {
	};
	objectVersion = 46;
	objects = {

/* Begin PBXBuildFile section */
		2FB27B7E2540472AB48167A0 /* libPods.a in Frameworks */ = {isa = PBXBuildFile; fileRef = 897A2C67FADA45B5A4AC747A /* libPods.a */; };
		328F0AF518901933004234C4 /* DKColorViewController.m in Sources */ = {isa = PBXBuildFile; fileRef = 328F0AF318901933004234C4 /* DKColorViewController.m */; };
		328F0AF618901933004234C4 /* DKColorViewController_iPhone.xib in Resources */ = {isa = PBXBuildFile; fileRef = 328F0AF418901933004234C4 /* DKColorViewController_iPhone.xib */; };
		328F0B0418902DC7004234C4 /* DKAboutViewController.m in Sources */ = {isa = PBXBuildFile; fileRef = 328F0B0218902DC7004234C4 /* DKAboutViewController.m */; };
		328F0B0D189036C3004234C4 /* DKAboutViewController_iPhone.xib in Resources */ = {isa = PBXBuildFile; fileRef = 328F0B0C189036C3004234C4 /* DKAboutViewController_iPhone.xib */; };
		32B1F82A1891D2D60051C3DF /* NCMusicEngine.m in Sources */ = {isa = PBXBuildFile; fileRef = 32B1F8291891D2D60051C3DF /* NCMusicEngine.m */; };
		32B1F8421891D4350051C3DF /* AFDownloadRequestOperation.m in Sources */ = {isa = PBXBuildFile; fileRef = 32B1F82D1891D4350051C3DF /* AFDownloadRequestOperation.m */; };
		32B1F8431891D4350051C3DF /* AFHTTPClient.m in Sources */ = {isa = PBXBuildFile; fileRef = 32B1F8301891D4350051C3DF /* AFHTTPClient.m */; };
		32B1F8441891D4350051C3DF /* AFHTTPRequestOperation.m in Sources */ = {isa = PBXBuildFile; fileRef = 32B1F8321891D4350051C3DF /* AFHTTPRequestOperation.m */; };
		32B1F8451891D4350051C3DF /* AFImageRequestOperation.m in Sources */ = {isa = PBXBuildFile; fileRef = 32B1F8341891D4350051C3DF /* AFImageRequestOperation.m */; };
		32B1F8461891D4350051C3DF /* AFJSONRequestOperation.m in Sources */ = {isa = PBXBuildFile; fileRef = 32B1F8361891D4350051C3DF /* AFJSONRequestOperation.m */; };
		32B1F8471891D4350051C3DF /* AFNetworkActivityIndicatorManager.m in Sources */ = {isa = PBXBuildFile; fileRef = 32B1F8381891D4350051C3DF /* AFNetworkActivityIndicatorManager.m */; };
		32B1F8481891D4350051C3DF /* AFPropertyListRequestOperation.m in Sources */ = {isa = PBXBuildFile; fileRef = 32B1F83B1891D4350051C3DF /* AFPropertyListRequestOperation.m */; };
		32B1F8491891D4350051C3DF /* AFURLConnectionOperation.m in Sources */ = {isa = PBXBuildFile; fileRef = 32B1F83D1891D4350051C3DF /* AFURLConnectionOperation.m */; };
		32B1F84A1891D4350051C3DF /* AFXMLRequestOperation.m in Sources */ = {isa = PBXBuildFile; fileRef = 32B1F83F1891D4350051C3DF /* AFXMLRequestOperation.m */; };
		32B1F84B1891D4350051C3DF /* UIImageView+AFNetworking.m in Sources */ = {isa = PBXBuildFile; fileRef = 32B1F8411891D4350051C3DF /* UIImageView+AFNetworking.m */; };
		32B1F84D1891FB1F0051C3DF /* SystemConfiguration.framework in Frameworks */ = {isa = PBXBuildFile; fileRef = 32B1F84C1891FB1F0051C3DF /* SystemConfiguration.framework */; };
		32B1F853189206C30051C3DF /* color_black_iphone.png in Resources */ = {isa = PBXBuildFile; fileRef = 32B1F84F189206C30051C3DF /* color_black_iphone.png */; };
		32B1F854189206C50051C3DF /* color_black_iphone@2x.png in Resources */ = {isa = PBXBuildFile; fileRef = 32B1F850189206C30051C3DF /* color_black_iphone@2x.png */; };
		32B1F855189206C50051C3DF /* color_white_iphone.png in Resources */ = {isa = PBXBuildFile; fileRef = 32B1F851189206C30051C3DF /* color_white_iphone.png */; };
		32B1F856189206C50051C3DF /* color_white_iphone@2x.png in Resources */ = {isa = PBXBuildFile; fileRef = 32B1F852189206C30051C3DF /* color_white_iphone@2x.png */; };
		32B1F85F189212A20051C3DF /* logo_about_black.png in Resources */ = {isa = PBXBuildFile; fileRef = 32B1F857189212A20051C3DF /* logo_about_black.png */; };
		32B1F860189212A20051C3DF /* logo_about_black@2x.png in Resources */ = {isa = PBXBuildFile; fileRef = 32B1F858189212A20051C3DF /* logo_about_black@2x.png */; };
		32B1F861189212A20051C3DF /* logo_about_white.png in Resources */ = {isa = PBXBuildFile; fileRef = 32B1F859189212A20051C3DF /* logo_about_white.png */; };
		32B1F862189212A20051C3DF /* logo_about_white@2x.png in Resources */ = {isa = PBXBuildFile; fileRef = 32B1F85A189212A20051C3DF /* logo_about_white@2x.png */; };
		32B1F863189212A20051C3DF /* play_iphone_black.png in Resources */ = {isa = PBXBuildFile; fileRef = 32B1F85B189212A20051C3DF /* play_iphone_black.png */; };
		32B1F864189212A20051C3DF /* play_iphone_black@2x.png in Resources */ = {isa = PBXBuildFile; fileRef = 32B1F85C189212A20051C3DF /* play_iphone_black@2x.png */; };
		32B1F865189212A20051C3DF /* play_iphone_white.png in Resources */ = {isa = PBXBuildFile; fileRef = 32B1F85D189212A20051C3DF /* play_iphone_white.png */; };
		32B1F866189212A20051C3DF /* play_iphone_white@2x.png in Resources */ = {isa = PBXBuildFile; fileRef = 32B1F85E189212A20051C3DF /* play_iphone_white@2x.png */; };
		32B1F86B189222DD0051C3DF /* logo_black.png in Resources */ = {isa = PBXBuildFile; fileRef = 32B1F867189222DD0051C3DF /* logo_black.png */; };
		32B1F86C189222DE0051C3DF /* logo_black@2x.png in Resources */ = {isa = PBXBuildFile; fileRef = 32B1F868189222DD0051C3DF /* logo_black@2x.png */; };
		32B1F86D189222DE0051C3DF /* logo_white.png in Resources */ = {isa = PBXBuildFile; fileRef = 32B1F869189222DD0051C3DF /* logo_white.png */; };
		32B1F86E189222DE0051C3DF /* logo_white@2x.png in Resources */ = {isa = PBXBuildFile; fileRef = 32B1F86A189222DD0051C3DF /* logo_white@2x.png */; };
		32B1F87B189225530051C3DF /* facebook_iphone_black.png in Resources */ = {isa = PBXBuildFile; fileRef = 32B1F86F189225530051C3DF /* facebook_iphone_black.png */; };
		32B1F87C189225530051C3DF /* facebook_iphone_black@2x.png in Resources */ = {isa = PBXBuildFile; fileRef = 32B1F870189225530051C3DF /* facebook_iphone_black@2x.png */; };
		32B1F87D189225530051C3DF /* facebook_iphone_white.png in Resources */ = {isa = PBXBuildFile; fileRef = 32B1F871189225530051C3DF /* facebook_iphone_white.png */; };
		32B1F87E189225530051C3DF /* facebook_iphone_white@2x.png in Resources */ = {isa = PBXBuildFile; fileRef = 32B1F872189225530051C3DF /* facebook_iphone_white@2x.png */; };
		32B1F87F189225530051C3DF /* instagram_iphone_black.png in Resources */ = {isa = PBXBuildFile; fileRef = 32B1F873189225530051C3DF /* instagram_iphone_black.png */; };
		32B1F880189225530051C3DF /* instagram_iphone_black@2x.png in Resources */ = {isa = PBXBuildFile; fileRef = 32B1F874189225530051C3DF /* instagram_iphone_black@2x.png */; };
		32B1F881189225530051C3DF /* instagram_iphone_white.png in Resources */ = {isa = PBXBuildFile; fileRef = 32B1F875189225530051C3DF /* instagram_iphone_white.png */; };
		32B1F882189225530051C3DF /* instagram_iphone_white@2x.png in Resources */ = {isa = PBXBuildFile; fileRef = 32B1F876189225530051C3DF /* instagram_iphone_white@2x.png */; };
		32B1F883189225530051C3DF /* vk_iphone_black.png in Resources */ = {isa = PBXBuildFile; fileRef = 32B1F877189225530051C3DF /* vk_iphone_black.png */; };
		32B1F884189225530051C3DF /* vk_iphone_black@2x.png in Resources */ = {isa = PBXBuildFile; fileRef = 32B1F878189225530051C3DF /* vk_iphone_black@2x.png */; };
		32B1F885189225530051C3DF /* vk_iphone_white.png in Resources */ = {isa = PBXBuildFile; fileRef = 32B1F879189225530051C3DF /* vk_iphone_white.png */; };
		32B1F886189225530051C3DF /* vk_iphone_white@2x.png in Resources */ = {isa = PBXBuildFile; fileRef = 32B1F87A189225530051C3DF /* vk_iphone_white@2x.png */; };
		32B1F88B18922FD10051C3DF /* pause_iphone_black.png in Resources */ = {isa = PBXBuildFile; fileRef = 32B1F88718922FD00051C3DF /* pause_iphone_black.png */; };
		32B1F88C18922FD10051C3DF /* pause_iphone_black@2x.png in Resources */ = {isa = PBXBuildFile; fileRef = 32B1F88818922FD10051C3DF /* pause_iphone_black@2x.png */; };
		32B1F88D18922FD10051C3DF /* pause_iphone_white.png in Resources */ = {isa = PBXBuildFile; fileRef = 32B1F88918922FD10051C3DF /* pause_iphone_white.png */; };
		32B1F88E18922FD10051C3DF /* pause_iphone_white@2x.png in Resources */ = {isa = PBXBuildFile; fileRef = 32B1F88A18922FD10051C3DF /* pause_iphone_white@2x.png */; };
		32B1F8901892AC4C0051C3DF /* DKColorViewController_iPad.xib in Resources */ = {isa = PBXBuildFile; fileRef = 32B1F88F1892AC4C0051C3DF /* DKColorViewController_iPad.xib */; };
		32B1F8961892AD8B0051C3DF /* color_black_ipad.png in Resources */ = {isa = PBXBuildFile; fileRef = 32B1F8921892AD8B0051C3DF /* color_black_ipad.png */; };
		32B1F8971892AD8B0051C3DF /* color_black_ipad@2x.png in Resources */ = {isa = PBXBuildFile; fileRef = 32B1F8931892AD8B0051C3DF /* color_black_ipad@2x.png */; };
		32B1F8981892AD8B0051C3DF /* color_white_ipad.png in Resources */ = {isa = PBXBuildFile; fileRef = 32B1F8941892AD8B0051C3DF /* color_white_ipad.png */; };
		32B1F8991892AD8B0051C3DF /* color_white_ipad@2x.png in Resources */ = {isa = PBXBuildFile; fileRef = 32B1F8951892AD8B0051C3DF /* color_white_ipad@2x.png */; };
		32BDD11F1892B82100140352 /* DKMainViewController_iPad.xib in Resources */ = {isa = PBXBuildFile; fileRef = 32BDD11E1892B82100140352 /* DKMainViewController_iPad.xib */; };
		32BDD1281892B9CA00140352 /* pause_ipad_black.png in Resources */ = {isa = PBXBuildFile; fileRef = 32BDD1201892B9CA00140352 /* pause_ipad_black.png */; };
		32BDD1291892B9CA00140352 /* pause_ipad_black@2x.png in Resources */ = {isa = PBXBuildFile; fileRef = 32BDD1211892B9CA00140352 /* pause_ipad_black@2x.png */; };
		32BDD12A1892B9CA00140352 /* pause_ipad_white.png in Resources */ = {isa = PBXBuildFile; fileRef = 32BDD1221892B9CA00140352 /* pause_ipad_white.png */; };
		32BDD12B1892B9CA00140352 /* pause_ipad_white@2x.png in Resources */ = {isa = PBXBuildFile; fileRef = 32BDD1231892B9CA00140352 /* pause_ipad_white@2x.png */; };
		32BDD12C1892B9CA00140352 /* play_ipad_black.png in Resources */ = {isa = PBXBuildFile; fileRef = 32BDD1241892B9CA00140352 /* play_ipad_black.png */; };
		32BDD12D1892B9CA00140352 /* play_ipad_black@2x.png in Resources */ = {isa = PBXBuildFile; fileRef = 32BDD1251892B9CA00140352 /* play_ipad_black@2x.png */; };
		32BDD12E1892B9CA00140352 /* play_ipad_white.png in Resources */ = {isa = PBXBuildFile; fileRef = 32BDD1261892B9CA00140352 /* play_ipad_white.png */; };
		32BDD12F1892B9CA00140352 /* play_ipad_white@2x.png in Resources */ = {isa = PBXBuildFile; fileRef = 32BDD1271892B9CA00140352 /* play_ipad_white@2x.png */; };
		32BDD1341892BC4600140352 /* logo_about_black_iPad.png in Resources */ = {isa = PBXBuildFile; fileRef = 32BDD1301892BC4600140352 /* logo_about_black_iPad.png */; };
		32BDD1351892BC4600140352 /* logo_about_black_iPad@2x.png in Resources */ = {isa = PBXBuildFile; fileRef = 32BDD1311892BC4600140352 /* logo_about_black_iPad@2x.png */; };
		32BDD1361892BC4600140352 /* logo_about_white_iPad.png in Resources */ = {isa = PBXBuildFile; fileRef = 32BDD1321892BC4600140352 /* logo_about_white_iPad.png */; };
		32BDD1371892BC4600140352 /* logo_about_white_iPad@2x.png in Resources */ = {isa = PBXBuildFile; fileRef = 32BDD1331892BC4600140352 /* logo_about_white_iPad@2x.png */; };
		32BDD1391892C11000140352 /* DKAboutViewController_iPad.xib in Resources */ = {isa = PBXBuildFile; fileRef = 32BDD1381892C11000140352 /* DKAboutViewController_iPad.xib */; };
		32BDD1421892C60400140352 /* facebook_iPad_black.png in Resources */ = {isa = PBXBuildFile; fileRef = 32BDD13A1892C60400140352 /* facebook_iPad_black.png */; };
		32BDD1431892C60400140352 /* facebook_iPad_black@2x.png in Resources */ = {isa = PBXBuildFile; fileRef = 32BDD13B1892C60400140352 /* facebook_iPad_black@2x.png */; };
		32BDD1441892C60400140352 /* facebook_iPad_white.png in Resources */ = {isa = PBXBuildFile; fileRef = 32BDD13C1892C60400140352 /* facebook_iPad_white.png */; };
		32BDD1451892C60400140352 /* facebook_iPad_white@2x.png in Resources */ = {isa = PBXBuildFile; fileRef = 32BDD13D1892C60400140352 /* facebook_iPad_white@2x.png */; };
		32BDD1461892C60400140352 /* instagram_iPad_black.png in Resources */ = {isa = PBXBuildFile; fileRef = 32BDD13E1892C60400140352 /* instagram_iPad_black.png */; };
		32BDD1471892C60400140352 /* instagram_iPad_black@2x.png in Resources */ = {isa = PBXBuildFile; fileRef = 32BDD13F1892C60400140352 /* instagram_iPad_black@2x.png */; };
		32BDD1481892C60400140352 /* instagram_iPad_white.png in Resources */ = {isa = PBXBuildFile; fileRef = 32BDD1401892C60400140352 /* instagram_iPad_white.png */; };
		32BDD1491892C60400140352 /* instagram_iPad_white@2x.png in Resources */ = {isa = PBXBuildFile; fileRef = 32BDD1411892C60400140352 /* instagram_iPad_white@2x.png */; };
		32BDD1521892C61700140352 /* logo_black_iPad.png in Resources */ = {isa = PBXBuildFile; fileRef = 32BDD14A1892C61700140352 /* logo_black_iPad.png */; };
		32BDD1531892C61700140352 /* logo_black_iPad@2x.png in Resources */ = {isa = PBXBuildFile; fileRef = 32BDD14B1892C61700140352 /* logo_black_iPad@2x.png */; };
		32BDD1541892C61700140352 /* logo_white_iPad.png in Resources */ = {isa = PBXBuildFile; fileRef = 32BDD14C1892C61700140352 /* logo_white_iPad.png */; };
		32BDD1551892C61700140352 /* logo_white_iPad@2x.png in Resources */ = {isa = PBXBuildFile; fileRef = 32BDD14D1892C61700140352 /* logo_white_iPad@2x.png */; };
		32BDD1561892C61700140352 /* vk_iPad_black.png in Resources */ = {isa = PBXBuildFile; fileRef = 32BDD14E1892C61700140352 /* vk_iPad_black.png */; };
		32BDD1571892C61700140352 /* vk_iPad_black@2x.png in Resources */ = {isa = PBXBuildFile; fileRef = 32BDD14F1892C61700140352 /* vk_iPad_black@2x.png */; };
		32BDD1581892C61700140352 /* vk_iPad_white.png in Resources */ = {isa = PBXBuildFile; fileRef = 32BDD1501892C61700140352 /* vk_iPad_white.png */; };
		32BDD1591892C61700140352 /* vk_iPad_white@2x.png in Resources */ = {isa = PBXBuildFile; fileRef = 32BDD1511892C61700140352 /* vk_iPad_white@2x.png */; };
		32F88A161885583A005020DA /* Foundation.framework in Frameworks */ = {isa = PBXBuildFile; fileRef = 32F88A151885583A005020DA /* Foundation.framework */; };
		32F88A181885583A005020DA /* CoreGraphics.framework in Frameworks */ = {isa = PBXBuildFile; fileRef = 32F88A171885583A005020DA /* CoreGraphics.framework */; };
		32F88A1A1885583A005020DA /* UIKit.framework in Frameworks */ = {isa = PBXBuildFile; fileRef = 32F88A191885583A005020DA /* UIKit.framework */; };
		32F88A1C1885583A005020DA /* CoreData.framework in Frameworks */ = {isa = PBXBuildFile; fileRef = 32F88A1B1885583A005020DA /* CoreData.framework */; };
		32F88A221885583A005020DA /* InfoPlist.strings in Resources */ = {isa = PBXBuildFile; fileRef = 32F88A201885583A005020DA /* InfoPlist.strings */; };
		32F88A241885583A005020DA /* main.m in Sources */ = {isa = PBXBuildFile; fileRef = 32F88A231885583A005020DA /* main.m */; };
		32F88A281885583B005020DA /* DKAppDelegate.m in Sources */ = {isa = PBXBuildFile; fileRef = 32F88A271885583B005020DA /* DKAppDelegate.m */; };
		32F88A2B1885583B005020DA /* snegiriRadio.xcdatamodeld in Sources */ = {isa = PBXBuildFile; fileRef = 32F88A291885583B005020DA /* snegiriRadio.xcdatamodeld */; };
		32F88A2D1885583B005020DA /* Images.xcassets in Resources */ = {isa = PBXBuildFile; fileRef = 32F88A2C1885583B005020DA /* Images.xcassets */; };
		32F88A341885583B005020DA /* XCTest.framework in Frameworks */ = {isa = PBXBuildFile; fileRef = 32F88A331885583B005020DA /* XCTest.framework */; };
		32F88A351885583B005020DA /* Foundation.framework in Frameworks */ = {isa = PBXBuildFile; fileRef = 32F88A151885583A005020DA /* Foundation.framework */; };
		32F88A361885583B005020DA /* UIKit.framework in Frameworks */ = {isa = PBXBuildFile; fileRef = 32F88A191885583A005020DA /* UIKit.framework */; };
		32F88A371885583B005020DA /* CoreData.framework in Frameworks */ = {isa = PBXBuildFile; fileRef = 32F88A1B1885583A005020DA /* CoreData.framework */; };
		32F88A3F1885583B005020DA /* InfoPlist.strings in Resources */ = {isa = PBXBuildFile; fileRef = 32F88A3D1885583B005020DA /* InfoPlist.strings */; };
		32F88A411885583B005020DA /* snegiriRadioTests.m in Sources */ = {isa = PBXBuildFile; fileRef = 32F88A401885583B005020DA /* snegiriRadioTests.m */; };
		32F88A4D18856B1B005020DA /* DKMainViewController.m in Sources */ = {isa = PBXBuildFile; fileRef = 32F88A4B18856B1B005020DA /* DKMainViewController.m */; };
		32F88A4E18856B1C005020DA /* DKMainViewController_iPhone.xib in Resources */ = {isa = PBXBuildFile; fileRef = 32F88A4C18856B1B005020DA /* DKMainViewController_iPhone.xib */; };
/* End PBXBuildFile section */

/* Begin PBXContainerItemProxy section */
		32F88A381885583B005020DA /* PBXContainerItemProxy */ = {
			isa = PBXContainerItemProxy;
			containerPortal = 32F88A0A1885583A005020DA /* Project object */;
			proxyType = 1;
			remoteGlobalIDString = 32F88A111885583A005020DA;
			remoteInfo = snegiriRadio;
		};
/* End PBXContainerItemProxy section */

/* Begin PBXFileReference section */
		328F0AF218901933004234C4 /* DKColorViewController.h */ = {isa = PBXFileReference; fileEncoding = 4; lastKnownFileType = sourcecode.c.h; path = DKColorViewController.h; sourceTree = "<group>"; };
		328F0AF318901933004234C4 /* DKColorViewController.m */ = {isa = PBXFileReference; fileEncoding = 4; lastKnownFileType = sourcecode.c.objc; path = DKColorViewController.m; sourceTree = "<group>"; };
		328F0AF418901933004234C4 /* DKColorViewController_iPhone.xib */ = {isa = PBXFileReference; fileEncoding = 4; lastKnownFileType = file.xib; path = DKColorViewController_iPhone.xib; sourceTree = "<group>"; };
		328F0B0118902DC7004234C4 /* DKAboutViewController.h */ = {isa = PBXFileReference; fileEncoding = 4; lastKnownFileType = sourcecode.c.h; path = DKAboutViewController.h; sourceTree = "<group>"; };
		328F0B0218902DC7004234C4 /* DKAboutViewController.m */ = {isa = PBXFileReference; fileEncoding = 4; lastKnownFileType = sourcecode.c.objc; path = DKAboutViewController.m; sourceTree = "<group>"; };
		328F0B0C189036C3004234C4 /* DKAboutViewController_iPhone.xib */ = {isa = PBXFileReference; fileEncoding = 4; lastKnownFileType = file.xib; path = DKAboutViewController_iPhone.xib; sourceTree = "<group>"; };
		32B1F8281891D2D60051C3DF /* NCMusicEngine.h */ = {isa = PBXFileReference; fileEncoding = 4; lastKnownFileType = sourcecode.c.h; path = NCMusicEngine.h; sourceTree = "<group>"; };
		32B1F8291891D2D60051C3DF /* NCMusicEngine.m */ = {isa = PBXFileReference; fileEncoding = 4; lastKnownFileType = sourcecode.c.objc; path = NCMusicEngine.m; sourceTree = "<group>"; };
		32B1F82C1891D4350051C3DF /* AFDownloadRequestOperation.h */ = {isa = PBXFileReference; fileEncoding = 4; lastKnownFileType = sourcecode.c.h; path = AFDownloadRequestOperation.h; sourceTree = "<group>"; };
		32B1F82D1891D4350051C3DF /* AFDownloadRequestOperation.m */ = {isa = PBXFileReference; fileEncoding = 4; lastKnownFileType = sourcecode.c.objc; path = AFDownloadRequestOperation.m; sourceTree = "<group>"; };
		32B1F82F1891D4350051C3DF /* AFHTTPClient.h */ = {isa = PBXFileReference; fileEncoding = 4; lastKnownFileType = sourcecode.c.h; path = AFHTTPClient.h; sourceTree = "<group>"; };
		32B1F8301891D4350051C3DF /* AFHTTPClient.m */ = {isa = PBXFileReference; fileEncoding = 4; lastKnownFileType = sourcecode.c.objc; path = AFHTTPClient.m; sourceTree = "<group>"; };
		32B1F8311891D4350051C3DF /* AFHTTPRequestOperation.h */ = {isa = PBXFileReference; fileEncoding = 4; lastKnownFileType = sourcecode.c.h; path = AFHTTPRequestOperation.h; sourceTree = "<group>"; };
		32B1F8321891D4350051C3DF /* AFHTTPRequestOperation.m */ = {isa = PBXFileReference; fileEncoding = 4; lastKnownFileType = sourcecode.c.objc; path = AFHTTPRequestOperation.m; sourceTree = "<group>"; };
		32B1F8331891D4350051C3DF /* AFImageRequestOperation.h */ = {isa = PBXFileReference; fileEncoding = 4; lastKnownFileType = sourcecode.c.h; path = AFImageRequestOperation.h; sourceTree = "<group>"; };
		32B1F8341891D4350051C3DF /* AFImageRequestOperation.m */ = {isa = PBXFileReference; fileEncoding = 4; lastKnownFileType = sourcecode.c.objc; path = AFImageRequestOperation.m; sourceTree = "<group>"; };
		32B1F8351891D4350051C3DF /* AFJSONRequestOperation.h */ = {isa = PBXFileReference; fileEncoding = 4; lastKnownFileType = sourcecode.c.h; path = AFJSONRequestOperation.h; sourceTree = "<group>"; };
		32B1F8361891D4350051C3DF /* AFJSONRequestOperation.m */ = {isa = PBXFileReference; fileEncoding = 4; lastKnownFileType = sourcecode.c.objc; path = AFJSONRequestOperation.m; sourceTree = "<group>"; };
		32B1F8371891D4350051C3DF /* AFNetworkActivityIndicatorManager.h */ = {isa = PBXFileReference; fileEncoding = 4; lastKnownFileType = sourcecode.c.h; path = AFNetworkActivityIndicatorManager.h; sourceTree = "<group>"; };
		32B1F8381891D4350051C3DF /* AFNetworkActivityIndicatorManager.m */ = {isa = PBXFileReference; fileEncoding = 4; lastKnownFileType = sourcecode.c.objc; path = AFNetworkActivityIndicatorManager.m; sourceTree = "<group>"; };
		32B1F8391891D4350051C3DF /* AFNetworking.h */ = {isa = PBXFileReference; fileEncoding = 4; lastKnownFileType = sourcecode.c.h; path = AFNetworking.h; sourceTree = "<group>"; };
		32B1F83A1891D4350051C3DF /* AFPropertyListRequestOperation.h */ = {isa = PBXFileReference; fileEncoding = 4; lastKnownFileType = sourcecode.c.h; path = AFPropertyListRequestOperation.h; sourceTree = "<group>"; };
		32B1F83B1891D4350051C3DF /* AFPropertyListRequestOperation.m */ = {isa = PBXFileReference; fileEncoding = 4; lastKnownFileType = sourcecode.c.objc; path = AFPropertyListRequestOperation.m; sourceTree = "<group>"; };
		32B1F83C1891D4350051C3DF /* AFURLConnectionOperation.h */ = {isa = PBXFileReference; fileEncoding = 4; lastKnownFileType = sourcecode.c.h; path = AFURLConnectionOperation.h; sourceTree = "<group>"; };
		32B1F83D1891D4350051C3DF /* AFURLConnectionOperation.m */ = {isa = PBXFileReference; fileEncoding = 4; lastKnownFileType = sourcecode.c.objc; path = AFURLConnectionOperation.m; sourceTree = "<group>"; };
		32B1F83E1891D4350051C3DF /* AFXMLRequestOperation.h */ = {isa = PBXFileReference; fileEncoding = 4; lastKnownFileType = sourcecode.c.h; path = AFXMLRequestOperation.h; sourceTree = "<group>"; };
		32B1F83F1891D4350051C3DF /* AFXMLRequestOperation.m */ = {isa = PBXFileReference; fileEncoding = 4; lastKnownFileType = sourcecode.c.objc; path = AFXMLRequestOperation.m; sourceTree = "<group>"; };
		32B1F8401891D4350051C3DF /* UIImageView+AFNetworking.h */ = {isa = PBXFileReference; fileEncoding = 4; lastKnownFileType = sourcecode.c.h; path = "UIImageView+AFNetworking.h"; sourceTree = "<group>"; };
		32B1F8411891D4350051C3DF /* UIImageView+AFNetworking.m */ = {isa = PBXFileReference; fileEncoding = 4; lastKnownFileType = sourcecode.c.objc; path = "UIImageView+AFNetworking.m"; sourceTree = "<group>"; };
		32B1F84C1891FB1F0051C3DF /* SystemConfiguration.framework */ = {isa = PBXFileReference; lastKnownFileType = wrapper.framework; name = SystemConfiguration.framework; path = System/Library/Frameworks/SystemConfiguration.framework; sourceTree = SDKROOT; };
		32B1F84F189206C30051C3DF /* color_black_iphone.png */ = {isa = PBXFileReference; lastKnownFileType = image.png; path = color_black_iphone.png; sourceTree = "<group>"; };
		32B1F850189206C30051C3DF /* color_black_iphone@2x.png */ = {isa = PBXFileReference; lastKnownFileType = image.png; path = "color_black_iphone@2x.png"; sourceTree = "<group>"; };
		32B1F851189206C30051C3DF /* color_white_iphone.png */ = {isa = PBXFileReference; lastKnownFileType = image.png; path = color_white_iphone.png; sourceTree = "<group>"; };
		32B1F852189206C30051C3DF /* color_white_iphone@2x.png */ = {isa = PBXFileReference; lastKnownFileType = image.png; path = "color_white_iphone@2x.png"; sourceTree = "<group>"; };
		32B1F857189212A20051C3DF /* logo_about_black.png */ = {isa = PBXFileReference; lastKnownFileType = image.png; path = logo_about_black.png; sourceTree = "<group>"; };
		32B1F858189212A20051C3DF /* logo_about_black@2x.png */ = {isa = PBXFileReference; lastKnownFileType = image.png; path = "logo_about_black@2x.png"; sourceTree = "<group>"; };
		32B1F859189212A20051C3DF /* logo_about_white.png */ = {isa = PBXFileReference; lastKnownFileType = image.png; path = logo_about_white.png; sourceTree = "<group>"; };
		32B1F85A189212A20051C3DF /* logo_about_white@2x.png */ = {isa = PBXFileReference; lastKnownFileType = image.png; path = "logo_about_white@2x.png"; sourceTree = "<group>"; };
		32B1F85B189212A20051C3DF /* play_iphone_black.png */ = {isa = PBXFileReference; lastKnownFileType = image.png; path = play_iphone_black.png; sourceTree = "<group>"; };
		32B1F85C189212A20051C3DF /* play_iphone_black@2x.png */ = {isa = PBXFileReference; lastKnownFileType = image.png; path = "play_iphone_black@2x.png"; sourceTree = "<group>"; };
		32B1F85D189212A20051C3DF /* play_iphone_white.png */ = {isa = PBXFileReference; lastKnownFileType = image.png; path = play_iphone_white.png; sourceTree = "<group>"; };
		32B1F85E189212A20051C3DF /* play_iphone_white@2x.png */ = {isa = PBXFileReference; lastKnownFileType = image.png; path = "play_iphone_white@2x.png"; sourceTree = "<group>"; };
		32B1F867189222DD0051C3DF /* logo_black.png */ = {isa = PBXFileReference; lastKnownFileType = image.png; path = logo_black.png; sourceTree = "<group>"; };
		32B1F868189222DD0051C3DF /* logo_black@2x.png */ = {isa = PBXFileReference; lastKnownFileType = image.png; path = "logo_black@2x.png"; sourceTree = "<group>"; };
		32B1F869189222DD0051C3DF /* logo_white.png */ = {isa = PBXFileReference; lastKnownFileType = image.png; path = logo_white.png; sourceTree = "<group>"; };
		32B1F86A189222DD0051C3DF /* logo_white@2x.png */ = {isa = PBXFileReference; lastKnownFileType = image.png; path = "logo_white@2x.png"; sourceTree = "<group>"; };
		32B1F86F189225530051C3DF /* facebook_iphone_black.png */ = {isa = PBXFileReference; lastKnownFileType = image.png; path = facebook_iphone_black.png; sourceTree = "<group>"; };
		32B1F870189225530051C3DF /* facebook_iphone_black@2x.png */ = {isa = PBXFileReference; lastKnownFileType = image.png; path = "facebook_iphone_black@2x.png"; sourceTree = "<group>"; };
		32B1F871189225530051C3DF /* facebook_iphone_white.png */ = {isa = PBXFileReference; lastKnownFileType = image.png; path = facebook_iphone_white.png; sourceTree = "<group>"; };
		32B1F872189225530051C3DF /* facebook_iphone_white@2x.png */ = {isa = PBXFileReference; lastKnownFileType = image.png; path = "facebook_iphone_white@2x.png"; sourceTree = "<group>"; };
		32B1F873189225530051C3DF /* instagram_iphone_black.png */ = {isa = PBXFileReference; lastKnownFileType = image.png; path = instagram_iphone_black.png; sourceTree = "<group>"; };
		32B1F874189225530051C3DF /* instagram_iphone_black@2x.png */ = {isa = PBXFileReference; lastKnownFileType = image.png; path = "instagram_iphone_black@2x.png"; sourceTree = "<group>"; };
		32B1F875189225530051C3DF /* instagram_iphone_white.png */ = {isa = PBXFileReference; lastKnownFileType = image.png; path = instagram_iphone_white.png; sourceTree = "<group>"; };
		32B1F876189225530051C3DF /* instagram_iphone_white@2x.png */ = {isa = PBXFileReference; lastKnownFileType = image.png; path = "instagram_iphone_white@2x.png"; sourceTree = "<group>"; };
		32B1F877189225530051C3DF /* vk_iphone_black.png */ = {isa = PBXFileReference; lastKnownFileType = image.png; path = vk_iphone_black.png; sourceTree = "<group>"; };
		32B1F878189225530051C3DF /* vk_iphone_black@2x.png */ = {isa = PBXFileReference; lastKnownFileType = image.png; path = "vk_iphone_black@2x.png"; sourceTree = "<group>"; };
		32B1F879189225530051C3DF /* vk_iphone_white.png */ = {isa = PBXFileReference; lastKnownFileType = image.png; path = vk_iphone_white.png; sourceTree = "<group>"; };
		32B1F87A189225530051C3DF /* vk_iphone_white@2x.png */ = {isa = PBXFileReference; lastKnownFileType = image.png; path = "vk_iphone_white@2x.png"; sourceTree = "<group>"; };
		32B1F88718922FD00051C3DF /* pause_iphone_black.png */ = {isa = PBXFileReference; lastKnownFileType = image.png; path = pause_iphone_black.png; sourceTree = "<group>"; };
		32B1F88818922FD10051C3DF /* pause_iphone_black@2x.png */ = {isa = PBXFileReference; lastKnownFileType = image.png; path = "pause_iphone_black@2x.png"; sourceTree = "<group>"; };
		32B1F88918922FD10051C3DF /* pause_iphone_white.png */ = {isa = PBXFileReference; lastKnownFileType = image.png; path = pause_iphone_white.png; sourceTree = "<group>"; };
		32B1F88A18922FD10051C3DF /* pause_iphone_white@2x.png */ = {isa = PBXFileReference; lastKnownFileType = image.png; path = "pause_iphone_white@2x.png"; sourceTree = "<group>"; };
		32B1F88F1892AC4C0051C3DF /* DKColorViewController_iPad.xib */ = {isa = PBXFileReference; fileEncoding = 4; lastKnownFileType = file.xib; path = DKColorViewController_iPad.xib; sourceTree = "<group>"; };
		32B1F8921892AD8B0051C3DF /* color_black_ipad.png */ = {isa = PBXFileReference; lastKnownFileType = image.png; path = color_black_ipad.png; sourceTree = "<group>"; };
		32B1F8931892AD8B0051C3DF /* color_black_ipad@2x.png */ = {isa = PBXFileReference; lastKnownFileType = image.png; path = "color_black_ipad@2x.png"; sourceTree = "<group>"; };
		32B1F8941892AD8B0051C3DF /* color_white_ipad.png */ = {isa = PBXFileReference; lastKnownFileType = image.png; path = color_white_ipad.png; sourceTree = "<group>"; };
		32B1F8951892AD8B0051C3DF /* color_white_ipad@2x.png */ = {isa = PBXFileReference; lastKnownFileType = image.png; path = "color_white_ipad@2x.png"; sourceTree = "<group>"; };
		32BDD11E1892B82100140352 /* DKMainViewController_iPad.xib */ = {isa = PBXFileReference; fileEncoding = 4; lastKnownFileType = file.xib; path = DKMainViewController_iPad.xib; sourceTree = "<group>"; };
		32BDD1201892B9CA00140352 /* pause_ipad_black.png */ = {isa = PBXFileReference; lastKnownFileType = image.png; path = pause_ipad_black.png; sourceTree = "<group>"; };
		32BDD1211892B9CA00140352 /* pause_ipad_black@2x.png */ = {isa = PBXFileReference; lastKnownFileType = image.png; path = "pause_ipad_black@2x.png"; sourceTree = "<group>"; };
		32BDD1221892B9CA00140352 /* pause_ipad_white.png */ = {isa = PBXFileReference; lastKnownFileType = image.png; path = pause_ipad_white.png; sourceTree = "<group>"; };
		32BDD1231892B9CA00140352 /* pause_ipad_white@2x.png */ = {isa = PBXFileReference; lastKnownFileType = image.png; path = "pause_ipad_white@2x.png"; sourceTree = "<group>"; };
		32BDD1241892B9CA00140352 /* play_ipad_black.png */ = {isa = PBXFileReference; lastKnownFileType = image.png; path = play_ipad_black.png; sourceTree = "<group>"; };
		32BDD1251892B9CA00140352 /* play_ipad_black@2x.png */ = {isa = PBXFileReference; lastKnownFileType = image.png; path = "play_ipad_black@2x.png"; sourceTree = "<group>"; };
		32BDD1261892B9CA00140352 /* play_ipad_white.png */ = {isa = PBXFileReference; lastKnownFileType = image.png; path = play_ipad_white.png; sourceTree = "<group>"; };
		32BDD1271892B9CA00140352 /* play_ipad_white@2x.png */ = {isa = PBXFileReference; lastKnownFileType = image.png; path = "play_ipad_white@2x.png"; sourceTree = "<group>"; };
		32BDD1301892BC4600140352 /* logo_about_black_iPad.png */ = {isa = PBXFileReference; lastKnownFileType = image.png; path = logo_about_black_iPad.png; sourceTree = "<group>"; };
		32BDD1311892BC4600140352 /* logo_about_black_iPad@2x.png */ = {isa = PBXFileReference; lastKnownFileType = image.png; path = "logo_about_black_iPad@2x.png"; sourceTree = "<group>"; };
		32BDD1321892BC4600140352 /* logo_about_white_iPad.png */ = {isa = PBXFileReference; lastKnownFileType = image.png; path = logo_about_white_iPad.png; sourceTree = "<group>"; };
		32BDD1331892BC4600140352 /* logo_about_white_iPad@2x.png */ = {isa = PBXFileReference; lastKnownFileType = image.png; path = "logo_about_white_iPad@2x.png"; sourceTree = "<group>"; };
		32BDD1381892C11000140352 /* DKAboutViewController_iPad.xib */ = {isa = PBXFileReference; fileEncoding = 4; lastKnownFileType = file.xib; path = DKAboutViewController_iPad.xib; sourceTree = "<group>"; };
		32BDD13A1892C60400140352 /* facebook_iPad_black.png */ = {isa = PBXFileReference; lastKnownFileType = image.png; path = facebook_iPad_black.png; sourceTree = "<group>"; };
		32BDD13B1892C60400140352 /* facebook_iPad_black@2x.png */ = {isa = PBXFileReference; lastKnownFileType = image.png; path = "facebook_iPad_black@2x.png"; sourceTree = "<group>"; };
		32BDD13C1892C60400140352 /* facebook_iPad_white.png */ = {isa = PBXFileReference; lastKnownFileType = image.png; path = facebook_iPad_white.png; sourceTree = "<group>"; };
		32BDD13D1892C60400140352 /* facebook_iPad_white@2x.png */ = {isa = PBXFileReference; lastKnownFileType = image.png; path = "facebook_iPad_white@2x.png"; sourceTree = "<group>"; };
		32BDD13E1892C60400140352 /* instagram_iPad_black.png */ = {isa = PBXFileReference; lastKnownFileType = image.png; path = instagram_iPad_black.png; sourceTree = "<group>"; };
		32BDD13F1892C60400140352 /* instagram_iPad_black@2x.png */ = {isa = PBXFileReference; lastKnownFileType = image.png; path = "instagram_iPad_black@2x.png"; sourceTree = "<group>"; };
		32BDD1401892C60400140352 /* instagram_iPad_white.png */ = {isa = PBXFileReference; lastKnownFileType = image.png; path = instagram_iPad_white.png; sourceTree = "<group>"; };
		32BDD1411892C60400140352 /* instagram_iPad_white@2x.png */ = {isa = PBXFileReference; lastKnownFileType = image.png; path = "instagram_iPad_white@2x.png"; sourceTree = "<group>"; };
		32BDD14A1892C61700140352 /* logo_black_iPad.png */ = {isa = PBXFileReference; lastKnownFileType = image.png; path = logo_black_iPad.png; sourceTree = "<group>"; };
		32BDD14B1892C61700140352 /* logo_black_iPad@2x.png */ = {isa = PBXFileReference; lastKnownFileType = image.png; path = "logo_black_iPad@2x.png"; sourceTree = "<group>"; };
		32BDD14C1892C61700140352 /* logo_white_iPad.png */ = {isa = PBXFileReference; lastKnownFileType = image.png; path = logo_white_iPad.png; sourceTree = "<group>"; };
		32BDD14D1892C61700140352 /* logo_white_iPad@2x.png */ = {isa = PBXFileReference; lastKnownFileType = image.png; path = "logo_white_iPad@2x.png"; sourceTree = "<group>"; };
		32BDD14E1892C61700140352 /* vk_iPad_black.png */ = {isa = PBXFileReference; lastKnownFileType = image.png; path = vk_iPad_black.png; sourceTree = "<group>"; };
		32BDD14F1892C61700140352 /* vk_iPad_black@2x.png */ = {isa = PBXFileReference; lastKnownFileType = image.png; path = "vk_iPad_black@2x.png"; sourceTree = "<group>"; };
		32BDD1501892C61700140352 /* vk_iPad_white.png */ = {isa = PBXFileReference; lastKnownFileType = image.png; path = vk_iPad_white.png; sourceTree = "<group>"; };
		32BDD1511892C61700140352 /* vk_iPad_white@2x.png */ = {isa = PBXFileReference; lastKnownFileType = image.png; path = "vk_iPad_white@2x.png"; sourceTree = "<group>"; };
		32F88A121885583A005020DA /* snegiriRadio.app */ = {isa = PBXFileReference; explicitFileType = wrapper.application; includeInIndex = 0; path = snegiriRadio.app; sourceTree = BUILT_PRODUCTS_DIR; };
		32F88A151885583A005020DA /* Foundation.framework */ = {isa = PBXFileReference; lastKnownFileType = wrapper.framework; name = Foundation.framework; path = System/Library/Frameworks/Foundation.framework; sourceTree = SDKROOT; };
		32F88A171885583A005020DA /* CoreGraphics.framework */ = {isa = PBXFileReference; lastKnownFileType = wrapper.framework; name = CoreGraphics.framework; path = System/Library/Frameworks/CoreGraphics.framework; sourceTree = SDKROOT; };
		32F88A191885583A005020DA /* UIKit.framework */ = {isa = PBXFileReference; lastKnownFileType = wrapper.framework; name = UIKit.framework; path = System/Library/Frameworks/UIKit.framework; sourceTree = SDKROOT; };
		32F88A1B1885583A005020DA /* CoreData.framework */ = {isa = PBXFileReference; lastKnownFileType = wrapper.framework; name = CoreData.framework; path = System/Library/Frameworks/CoreData.framework; sourceTree = SDKROOT; };
		32F88A1F1885583A005020DA /* snegiriRadio-Info.plist */ = {isa = PBXFileReference; lastKnownFileType = text.plist.xml; path = "snegiriRadio-Info.plist"; sourceTree = "<group>"; };
		32F88A211885583A005020DA /* en */ = {isa = PBXFileReference; lastKnownFileType = text.plist.strings; name = en; path = en.lproj/InfoPlist.strings; sourceTree = "<group>"; };
		32F88A231885583A005020DA /* main.m */ = {isa = PBXFileReference; lastKnownFileType = sourcecode.c.objc; path = main.m; sourceTree = "<group>"; };
		32F88A251885583A005020DA /* snegiriRadio-Prefix.pch */ = {isa = PBXFileReference; lastKnownFileType = sourcecode.c.h; path = "snegiriRadio-Prefix.pch"; sourceTree = "<group>"; };
		32F88A261885583A005020DA /* DKAppDelegate.h */ = {isa = PBXFileReference; lastKnownFileType = sourcecode.c.h; path = DKAppDelegate.h; sourceTree = "<group>"; };
		32F88A271885583B005020DA /* DKAppDelegate.m */ = {isa = PBXFileReference; lastKnownFileType = sourcecode.c.objc; path = DKAppDelegate.m; sourceTree = "<group>"; };
		32F88A2A1885583B005020DA /* snegiriRadio.xcdatamodel */ = {isa = PBXFileReference; lastKnownFileType = wrapper.xcdatamodel; path = snegiriRadio.xcdatamodel; sourceTree = "<group>"; };
		32F88A2C1885583B005020DA /* Images.xcassets */ = {isa = PBXFileReference; lastKnownFileType = folder.assetcatalog; path = Images.xcassets; sourceTree = "<group>"; };
		32F88A321885583B005020DA /* snegiriRadioTests.xctest */ = {isa = PBXFileReference; explicitFileType = wrapper.cfbundle; includeInIndex = 0; path = snegiriRadioTests.xctest; sourceTree = BUILT_PRODUCTS_DIR; };
		32F88A331885583B005020DA /* XCTest.framework */ = {isa = PBXFileReference; lastKnownFileType = wrapper.framework; name = XCTest.framework; path = Library/Frameworks/XCTest.framework; sourceTree = DEVELOPER_DIR; };
		32F88A3C1885583B005020DA /* snegiriRadioTests-Info.plist */ = {isa = PBXFileReference; lastKnownFileType = text.plist.xml; path = "snegiriRadioTests-Info.plist"; sourceTree = "<group>"; };
		32F88A3E1885583B005020DA /* en */ = {isa = PBXFileReference; lastKnownFileType = text.plist.strings; name = en; path = en.lproj/InfoPlist.strings; sourceTree = "<group>"; };
		32F88A401885583B005020DA /* snegiriRadioTests.m */ = {isa = PBXFileReference; lastKnownFileType = sourcecode.c.objc; path = snegiriRadioTests.m; sourceTree = "<group>"; };
		32F88A4A18856B1B005020DA /* DKMainViewController.h */ = {isa = PBXFileReference; fileEncoding = 4; lastKnownFileType = sourcecode.c.h; path = DKMainViewController.h; sourceTree = "<group>"; };
		32F88A4B18856B1B005020DA /* DKMainViewController.m */ = {isa = PBXFileReference; fileEncoding = 4; lastKnownFileType = sourcecode.c.objc; path = DKMainViewController.m; sourceTree = "<group>"; };
		32F88A4C18856B1B005020DA /* DKMainViewController_iPhone.xib */ = {isa = PBXFileReference; fileEncoding = 4; lastKnownFileType = file.xib; path = DKMainViewController_iPhone.xib; sourceTree = "<group>"; };
		897A2C67FADA45B5A4AC747A /* libPods.a */ = {isa = PBXFileReference; explicitFileType = archive.ar; includeInIndex = 0; path = libPods.a; sourceTree = BUILT_PRODUCTS_DIR; };
		A2FAEC280AB94E1BA1BC948F /* Pods.xcconfig */ = {isa = PBXFileReference; includeInIndex = 1; lastKnownFileType = text.xcconfig; name = Pods.xcconfig; path = Pods/Pods.xcconfig; sourceTree = "<group>"; };
/* End PBXFileReference section */

/* Begin PBXFrameworksBuildPhase section */
		32F88A0F1885583A005020DA /* Frameworks */ = {
			isa = PBXFrameworksBuildPhase;
			buildActionMask = 2147483647;
			files = (
				32B1F84D1891FB1F0051C3DF /* SystemConfiguration.framework in Frameworks */,
				32F88A181885583A005020DA /* CoreGraphics.framework in Frameworks */,
				32F88A1C1885583A005020DA /* CoreData.framework in Frameworks */,
				32F88A1A1885583A005020DA /* UIKit.framework in Frameworks */,
				32F88A161885583A005020DA /* Foundation.framework in Frameworks */,
				2FB27B7E2540472AB48167A0 /* libPods.a in Frameworks */,
			);
			runOnlyForDeploymentPostprocessing = 0;
		};
		32F88A2F1885583B005020DA /* Frameworks */ = {
			isa = PBXFrameworksBuildPhase;
			buildActionMask = 2147483647;
			files = (
				32F88A341885583B005020DA /* XCTest.framework in Frameworks */,
				32F88A371885583B005020DA /* CoreData.framework in Frameworks */,
				32F88A361885583B005020DA /* UIKit.framework in Frameworks */,
				32F88A351885583B005020DA /* Foundation.framework in Frameworks */,
			);
			runOnlyForDeploymentPostprocessing = 0;
		};
/* End PBXFrameworksBuildPhase section */

/* Begin PBXGroup section */
		328F0AE6188EDB5E004234C4 /* Resources */ = {
			isa = PBXGroup;
			children = (
				32B1F8911892AD8B0051C3DF /* imageNewIPad */,
				32B1F84E189206C30051C3DF /* images_iPhone */,
			);
			path = Resources;
			sourceTree = "<group>";
		};
		32B1F8271891D2D60051C3DF /* NCMusicEngine */ = {
			isa = PBXGroup;
			children = (
				32B1F8281891D2D60051C3DF /* NCMusicEngine.h */,
				32B1F8291891D2D60051C3DF /* NCMusicEngine.m */,
			);
			path = NCMusicEngine;
			sourceTree = "<group>";
		};
		32B1F82B1891D4350051C3DF /* AFDownloadRequestOperation */ = {
			isa = PBXGroup;
			children = (
				32B1F82C1891D4350051C3DF /* AFDownloadRequestOperation.h */,
				32B1F82D1891D4350051C3DF /* AFDownloadRequestOperation.m */,
			);
			path = AFDownloadRequestOperation;
			sourceTree = "<group>";
		};
		32B1F82E1891D4350051C3DF /* AFNetworking */ = {
			isa = PBXGroup;
			children = (
				32B1F82F1891D4350051C3DF /* AFHTTPClient.h */,
				32B1F8301891D4350051C3DF /* AFHTTPClient.m */,
				32B1F8311891D4350051C3DF /* AFHTTPRequestOperation.h */,
				32B1F8321891D4350051C3DF /* AFHTTPRequestOperation.m */,
				32B1F8331891D4350051C3DF /* AFImageRequestOperation.h */,
				32B1F8341891D4350051C3DF /* AFImageRequestOperation.m */,
				32B1F8351891D4350051C3DF /* AFJSONRequestOperation.h */,
				32B1F8361891D4350051C3DF /* AFJSONRequestOperation.m */,
				32B1F8371891D4350051C3DF /* AFNetworkActivityIndicatorManager.h */,
				32B1F8381891D4350051C3DF /* AFNetworkActivityIndicatorManager.m */,
				32B1F8391891D4350051C3DF /* AFNetworking.h */,
				32B1F83A1891D4350051C3DF /* AFPropertyListRequestOperation.h */,
				32B1F83B1891D4350051C3DF /* AFPropertyListRequestOperation.m */,
				32B1F83C1891D4350051C3DF /* AFURLConnectionOperation.h */,
				32B1F83D1891D4350051C3DF /* AFURLConnectionOperation.m */,
				32B1F83E1891D4350051C3DF /* AFXMLRequestOperation.h */,
				32B1F83F1891D4350051C3DF /* AFXMLRequestOperation.m */,
				32B1F8401891D4350051C3DF /* UIImageView+AFNetworking.h */,
				32B1F8411891D4350051C3DF /* UIImageView+AFNetworking.m */,
			);
			path = AFNetworking;
			sourceTree = "<group>";
		};
		32B1F84E189206C30051C3DF /* images_iPhone */ = {
			isa = PBXGroup;
			children = (
				32B1F88718922FD00051C3DF /* pause_iphone_black.png */,
				32B1F88818922FD10051C3DF /* pause_iphone_black@2x.png */,
				32B1F88918922FD10051C3DF /* pause_iphone_white.png */,
				32B1F88A18922FD10051C3DF /* pause_iphone_white@2x.png */,
				32B1F86F189225530051C3DF /* facebook_iphone_black.png */,
				32B1F870189225530051C3DF /* facebook_iphone_black@2x.png */,
				32B1F871189225530051C3DF /* facebook_iphone_white.png */,
				32B1F872189225530051C3DF /* facebook_iphone_white@2x.png */,
				32B1F873189225530051C3DF /* instagram_iphone_black.png */,
				32B1F874189225530051C3DF /* instagram_iphone_black@2x.png */,
				32B1F875189225530051C3DF /* instagram_iphone_white.png */,
				32B1F876189225530051C3DF /* instagram_iphone_white@2x.png */,
				32B1F877189225530051C3DF /* vk_iphone_black.png */,
				32B1F878189225530051C3DF /* vk_iphone_black@2x.png */,
				32B1F879189225530051C3DF /* vk_iphone_white.png */,
				32B1F87A189225530051C3DF /* vk_iphone_white@2x.png */,
				32B1F867189222DD0051C3DF /* logo_black.png */,
				32B1F868189222DD0051C3DF /* logo_black@2x.png */,
				32B1F869189222DD0051C3DF /* logo_white.png */,
				32B1F86A189222DD0051C3DF /* logo_white@2x.png */,
				32B1F857189212A20051C3DF /* logo_about_black.png */,
				32B1F858189212A20051C3DF /* logo_about_black@2x.png */,
				32B1F859189212A20051C3DF /* logo_about_white.png */,
				32B1F85A189212A20051C3DF /* logo_about_white@2x.png */,
				32B1F85B189212A20051C3DF /* play_iphone_black.png */,
				32B1F85C189212A20051C3DF /* play_iphone_black@2x.png */,
				32B1F85D189212A20051C3DF /* play_iphone_white.png */,
				32B1F85E189212A20051C3DF /* play_iphone_white@2x.png */,
				32B1F84F189206C30051C3DF /* color_black_iphone.png */,
				32B1F850189206C30051C3DF /* color_black_iphone@2x.png */,
				32B1F851189206C30051C3DF /* color_white_iphone.png */,
				32B1F852189206C30051C3DF /* color_white_iphone@2x.png */,
			);
			name = images_iPhone;
			path = imagesNew;
			sourceTree = "<group>";
		};
		32B1F8911892AD8B0051C3DF /* imageNewIPad */ = {
			isa = PBXGroup;
			children = (
				32BDD14A1892C61700140352 /* logo_black_iPad.png */,
				32BDD14B1892C61700140352 /* logo_black_iPad@2x.png */,
				32BDD14C1892C61700140352 /* logo_white_iPad.png */,
				32BDD14D1892C61700140352 /* logo_white_iPad@2x.png */,
				32BDD14E1892C61700140352 /* vk_iPad_black.png */,
				32BDD14F1892C61700140352 /* vk_iPad_black@2x.png */,
				32BDD1501892C61700140352 /* vk_iPad_white.png */,
				32BDD1511892C61700140352 /* vk_iPad_white@2x.png */,
				32BDD13A1892C60400140352 /* facebook_iPad_black.png */,
				32BDD13B1892C60400140352 /* facebook_iPad_black@2x.png */,
				32BDD13C1892C60400140352 /* facebook_iPad_white.png */,
				32BDD13D1892C60400140352 /* facebook_iPad_white@2x.png */,
				32BDD13E1892C60400140352 /* instagram_iPad_black.png */,
				32BDD13F1892C60400140352 /* instagram_iPad_black@2x.png */,
				32BDD1401892C60400140352 /* instagram_iPad_white.png */,
				32BDD1411892C60400140352 /* instagram_iPad_white@2x.png */,
				32BDD1301892BC4600140352 /* logo_about_black_iPad.png */,
				32BDD1311892BC4600140352 /* logo_about_black_iPad@2x.png */,
				32BDD1321892BC4600140352 /* logo_about_white_iPad.png */,
				32BDD1331892BC4600140352 /* logo_about_white_iPad@2x.png */,
				32BDD1201892B9CA00140352 /* pause_ipad_black.png */,
				32BDD1211892B9CA00140352 /* pause_ipad_black@2x.png */,
				32BDD1221892B9CA00140352 /* pause_ipad_white.png */,
				32BDD1231892B9CA00140352 /* pause_ipad_white@2x.png */,
				32BDD1241892B9CA00140352 /* play_ipad_black.png */,
				32BDD1251892B9CA00140352 /* play_ipad_black@2x.png */,
				32BDD1261892B9CA00140352 /* play_ipad_white.png */,
				32BDD1271892B9CA00140352 /* play_ipad_white@2x.png */,
				32B1F8921892AD8B0051C3DF /* color_black_ipad.png */,
				32B1F8931892AD8B0051C3DF /* color_black_ipad@2x.png */,
				32B1F8941892AD8B0051C3DF /* color_white_ipad.png */,
				32B1F8951892AD8B0051C3DF /* color_white_ipad@2x.png */,
			);
			path = imageNewIPad;
			sourceTree = "<group>";
		};
		32F88A091885583A005020DA = {
			isa = PBXGroup;
			children = (
				328F0AE6188EDB5E004234C4 /* Resources */,
				32F88A1D1885583A005020DA /* snegiriRadio */,
				32F88A3A1885583B005020DA /* snegiriRadioTests */,
				32F88A141885583A005020DA /* Frameworks */,
				32F88A131885583A005020DA /* Products */,
				A2FAEC280AB94E1BA1BC948F /* Pods.xcconfig */,
			);
			sourceTree = "<group>";
		};
		32F88A131885583A005020DA /* Products */ = {
			isa = PBXGroup;
			children = (
				32F88A121885583A005020DA /* snegiriRadio.app */,
				32F88A321885583B005020DA /* snegiriRadioTests.xctest */,
			);
			name = Products;
			sourceTree = "<group>";
		};
		32F88A141885583A005020DA /* Frameworks */ = {
			isa = PBXGroup;
			children = (
				32B1F84C1891FB1F0051C3DF /* SystemConfiguration.framework */,
				32F88A151885583A005020DA /* Foundation.framework */,
				32F88A171885583A005020DA /* CoreGraphics.framework */,
				32F88A191885583A005020DA /* UIKit.framework */,
				32F88A1B1885583A005020DA /* CoreData.framework */,
				32F88A331885583B005020DA /* XCTest.framework */,
				897A2C67FADA45B5A4AC747A /* libPods.a */,
			);
			name = Frameworks;
			sourceTree = "<group>";
		};
		32F88A1D1885583A005020DA /* snegiriRadio */ = {
			isa = PBXGroup;
			children = (
				32B1F82B1891D4350051C3DF /* AFDownloadRequestOperation */,
				32B1F82E1891D4350051C3DF /* AFNetworking */,
				32B1F8271891D2D60051C3DF /* NCMusicEngine */,
				328F0AF418901933004234C4 /* DKColorViewController_iPhone.xib */,
				32B1F88F1892AC4C0051C3DF /* DKColorViewController_iPad.xib */,
				32BDD11E1892B82100140352 /* DKMainViewController_iPad.xib */,
				32F88A4C18856B1B005020DA /* DKMainViewController_iPhone.xib */,
				328F0B0C189036C3004234C4 /* DKAboutViewController_iPhone.xib */,
				32BDD1381892C11000140352 /* DKAboutViewController_iPad.xib */,
				32F88A261885583A005020DA /* DKAppDelegate.h */,
				32F88A271885583B005020DA /* DKAppDelegate.m */,
				328F0AF218901933004234C4 /* DKColorViewController.h */,
				328F0AF318901933004234C4 /* DKColorViewController.m */,
				32F88A4A18856B1B005020DA /* DKMainViewController.h */,
				32F88A4B18856B1B005020DA /* DKMainViewController.m */,
				328F0B0118902DC7004234C4 /* DKAboutViewController.h */,
				328F0B0218902DC7004234C4 /* DKAboutViewController.m */,
				32F88A2C1885583B005020DA /* Images.xcassets */,
				32F88A291885583B005020DA /* snegiriRadio.xcdatamodeld */,
				32F88A1E1885583A005020DA /* Supporting Files */,
			);
			path = snegiriRadio;
			sourceTree = "<group>";
		};
		32F88A1E1885583A005020DA /* Supporting Files */ = {
			isa = PBXGroup;
			children = (
				32F88A1F1885583A005020DA /* snegiriRadio-Info.plist */,
				32F88A201885583A005020DA /* InfoPlist.strings */,
				32F88A231885583A005020DA /* main.m */,
				32F88A251885583A005020DA /* snegiriRadio-Prefix.pch */,
			);
			name = "Supporting Files";
			sourceTree = "<group>";
		};
		32F88A3A1885583B005020DA /* snegiriRadioTests */ = {
			isa = PBXGroup;
			children = (
				32F88A401885583B005020DA /* snegiriRadioTests.m */,
				32F88A3B1885583B005020DA /* Supporting Files */,
			);
			path = snegiriRadioTests;
			sourceTree = "<group>";
		};
		32F88A3B1885583B005020DA /* Supporting Files */ = {
			isa = PBXGroup;
			children = (
				32F88A3C1885583B005020DA /* snegiriRadioTests-Info.plist */,
				32F88A3D1885583B005020DA /* InfoPlist.strings */,
			);
			name = "Supporting Files";
			sourceTree = "<group>";
		};
/* End PBXGroup section */

/* Begin PBXNativeTarget section */
		32F88A111885583A005020DA /* snegiriRadio */ = {
			isa = PBXNativeTarget;
			buildConfigurationList = 32F88A441885583B005020DA /* Build configuration list for PBXNativeTarget "snegiriRadio" */;
			buildPhases = (
				0EF945BDADB645A6A8BF935C /* Check Pods Manifest.lock */,
				32F88A0E1885583A005020DA /* Sources */,
				32F88A0F1885583A005020DA /* Frameworks */,
				32F88A101885583A005020DA /* Resources */,
				3B0BDFB41D714633B85AD8ED /* Copy Pods Resources */,
			);
			buildRules = (
			);
			dependencies = (
			);
			name = snegiriRadio;
			productName = snegiriRadio;
			productReference = 32F88A121885583A005020DA /* snegiriRadio.app */;
			productType = "com.apple.product-type.application";
		};
		32F88A311885583B005020DA /* snegiriRadioTests */ = {
			isa = PBXNativeTarget;
			buildConfigurationList = 32F88A471885583B005020DA /* Build configuration list for PBXNativeTarget "snegiriRadioTests" */;
			buildPhases = (
				32F88A2E1885583B005020DA /* Sources */,
				32F88A2F1885583B005020DA /* Frameworks */,
				32F88A301885583B005020DA /* Resources */,
			);
			buildRules = (
			);
			dependencies = (
				32F88A391885583B005020DA /* PBXTargetDependency */,
			);
			name = snegiriRadioTests;
			productName = snegiriRadioTests;
			productReference = 32F88A321885583B005020DA /* snegiriRadioTests.xctest */;
			productType = "com.apple.product-type.bundle.unit-test";
		};
/* End PBXNativeTarget section */

/* Begin PBXProject section */
		32F88A0A1885583A005020DA /* Project object */ = {
			isa = PBXProject;
			attributes = {
				CLASSPREFIX = DK;
				LastUpgradeCheck = 0500;
				ORGANIZATIONNAME = "Kuznetsov Dmitry";
				TargetAttributes = {
					32F88A111885583A005020DA = {
						DevelopmentTeam = R22JRCYFL6;
						SystemCapabilities = {
							com.apple.BackgroundModes = {
								enabled = 1;
							};
						};
					};
					32F88A311885583B005020DA = {
						TestTargetID = 32F88A111885583A005020DA;
					};
				};
			};
			buildConfigurationList = 32F88A0D1885583A005020DA /* Build configuration list for PBXProject "SnegiriRadio" */;
			compatibilityVersion = "Xcode 3.2";
			developmentRegion = English;
			hasScannedForEncodings = 0;
			knownRegions = (
				en,
			);
			mainGroup = 32F88A091885583A005020DA;
			productRefGroup = 32F88A131885583A005020DA /* Products */;
			projectDirPath = "";
			projectRoot = "";
			targets = (
				32F88A111885583A005020DA /* snegiriRadio */,
				32F88A311885583B005020DA /* snegiriRadioTests */,
			);
		};
/* End PBXProject section */

/* Begin PBXResourcesBuildPhase section */
		32F88A101885583A005020DA /* Resources */ = {
			isa = PBXResourcesBuildPhase;
			buildActionMask = 2147483647;
			files = (
				32B1F865189212A20051C3DF /* play_iphone_white.png in Resources */,
				328F0B0D189036C3004234C4 /* DKAboutViewController_iPhone.xib in Resources */,
				32B1F8981892AD8B0051C3DF /* color_white_ipad.png in Resources */,
				32B1F86E189222DE0051C3DF /* logo_white@2x.png in Resources */,
				32BDD1361892BC4600140352 /* logo_about_white_iPad.png in Resources */,
				32B1F881189225530051C3DF /* instagram_iphone_white.png in Resources */,
				32BDD1451892C60400140352 /* facebook_iPad_white@2x.png in Resources */,
				32B1F884189225530051C3DF /* vk_iphone_black@2x.png in Resources */,
				32F88A221885583A005020DA /* InfoPlist.strings in Resources */,
				32F88A4E18856B1C005020DA /* DKMainViewController_iPhone.xib in Resources */,
				32BDD12A1892B9CA00140352 /* pause_ipad_white.png in Resources */,
				32B1F882189225530051C3DF /* instagram_iphone_white@2x.png in Resources */,
				32B1F88C18922FD10051C3DF /* pause_iphone_black@2x.png in Resources */,
				32B1F8991892AD8B0051C3DF /* color_white_ipad@2x.png in Resources */,
				32B1F8901892AC4C0051C3DF /* DKColorViewController_iPad.xib in Resources */,
				32BDD1351892BC4600140352 /* logo_about_black_iPad@2x.png in Resources */,
				32BDD1581892C61700140352 /* vk_iPad_white.png in Resources */,
				32B1F853189206C30051C3DF /* color_black_iphone.png in Resources */,
				32B1F87F189225530051C3DF /* instagram_iphone_black.png in Resources */,
				32B1F86D189222DE0051C3DF /* logo_white.png in Resources */,
				32B1F886189225530051C3DF /* vk_iphone_white@2x.png in Resources */,
				32BDD1561892C61700140352 /* vk_iPad_black.png in Resources */,
				32BDD12E1892B9CA00140352 /* play_ipad_white.png in Resources */,
				32B1F88D18922FD10051C3DF /* pause_iphone_white.png in Resources */,
				32BDD1461892C60400140352 /* instagram_iPad_black.png in Resources */,
				32B1F854189206C50051C3DF /* color_black_iphone@2x.png in Resources */,
				32BDD1481892C60400140352 /* instagram_iPad_white.png in Resources */,
				32F88A2D1885583B005020DA /* Images.xcassets in Resources */,
				32B1F86C189222DE0051C3DF /* logo_black@2x.png in Resources */,
				32BDD1491892C60400140352 /* instagram_iPad_white@2x.png in Resources */,
				32BDD12C1892B9CA00140352 /* play_ipad_black.png in Resources */,
				32BDD1551892C61700140352 /* logo_white_iPad@2x.png in Resources */,
				32B1F866189212A20051C3DF /* play_iphone_white@2x.png in Resources */,
				32BDD1341892BC4600140352 /* logo_about_black_iPad.png in Resources */,
				32B1F864189212A20051C3DF /* play_iphone_black@2x.png in Resources */,
				32BDD12F1892B9CA00140352 /* play_ipad_white@2x.png in Resources */,
				32B1F88B18922FD10051C3DF /* pause_iphone_black.png in Resources */,
				32B1F87D189225530051C3DF /* facebook_iphone_white.png in Resources */,
				32B1F880189225530051C3DF /* instagram_iphone_black@2x.png in Resources */,
				32BDD1431892C60400140352 /* facebook_iPad_black@2x.png in Resources */,
				32B1F862189212A20051C3DF /* logo_about_white@2x.png in Resources */,
				32B1F861189212A20051C3DF /* logo_about_white.png in Resources */,
				32B1F863189212A20051C3DF /* play_iphone_black.png in Resources */,
				32B1F855189206C50051C3DF /* color_white_iphone.png in Resources */,
				32BDD1521892C61700140352 /* logo_black_iPad.png in Resources */,
				32B1F87E189225530051C3DF /* facebook_iphone_white@2x.png in Resources */,
				32BDD1391892C11000140352 /* DKAboutViewController_iPad.xib in Resources */,
				32BDD1281892B9CA00140352 /* pause_ipad_black.png in Resources */,
				32B1F86B189222DD0051C3DF /* logo_black.png in Resources */,
				32BDD12B1892B9CA00140352 /* pause_ipad_white@2x.png in Resources */,
				32B1F88E18922FD10051C3DF /* pause_iphone_white@2x.png in Resources */,
				32BDD1541892C61700140352 /* logo_white_iPad.png in Resources */,
				32BDD1471892C60400140352 /* instagram_iPad_black@2x.png in Resources */,
				32B1F87C189225530051C3DF /* facebook_iphone_black@2x.png in Resources */,
				328F0AF618901933004234C4 /* DKColorViewController_iPhone.xib in Resources */,
				32BDD1421892C60400140352 /* facebook_iPad_black.png in Resources */,
				32B1F885189225530051C3DF /* vk_iphone_white.png in Resources */,
				32B1F860189212A20051C3DF /* logo_about_black@2x.png in Resources */,
				32BDD1441892C60400140352 /* facebook_iPad_white.png in Resources */,
				32BDD1291892B9CA00140352 /* pause_ipad_black@2x.png in Resources */,
				32B1F883189225530051C3DF /* vk_iphone_black.png in Resources */,
				32BDD12D1892B9CA00140352 /* play_ipad_black@2x.png in Resources */,
				32B1F856189206C50051C3DF /* color_white_iphone@2x.png in Resources */,
				32BDD1591892C61700140352 /* vk_iPad_white@2x.png in Resources */,
				32BDD11F1892B82100140352 /* DKMainViewController_iPad.xib in Resources */,
				32BDD1571892C61700140352 /* vk_iPad_black@2x.png in Resources */,
				32B1F8971892AD8B0051C3DF /* color_black_ipad@2x.png in Resources */,
				32B1F8961892AD8B0051C3DF /* color_black_ipad.png in Resources */,
				32B1F85F189212A20051C3DF /* logo_about_black.png in Resources */,
				32BDD1531892C61700140352 /* logo_black_iPad@2x.png in Resources */,
				32B1F87B189225530051C3DF /* facebook_iphone_black.png in Resources */,
				32BDD1371892BC4600140352 /* logo_about_white_iPad@2x.png in Resources */,
			);
			runOnlyForDeploymentPostprocessing = 0;
		};
		32F88A301885583B005020DA /* Resources */ = {
			isa = PBXResourcesBuildPhase;
			buildActionMask = 2147483647;
			files = (
				32F88A3F1885583B005020DA /* InfoPlist.strings in Resources */,
			);
			runOnlyForDeploymentPostprocessing = 0;
		};
/* End PBXResourcesBuildPhase section */

/* Begin PBXShellScriptBuildPhase section */
		0EF945BDADB645A6A8BF935C /* Check Pods Manifest.lock */ = {
			isa = PBXShellScriptBuildPhase;
			buildActionMask = 2147483647;
			files = (
			);
			inputPaths = (
			);
			name = "Check Pods Manifest.lock";
			outputPaths = (
			);
			runOnlyForDeploymentPostprocessing = 0;
			shellPath = /bin/sh;
			shellScript = "diff \"${PODS_ROOT}/../Podfile.lock\" \"${PODS_ROOT}/Manifest.lock\" > /dev/null\nif [[ $? != 0 ]] ; then\n    cat << EOM\nerror: The sandbox is not in sync with the Podfile.lock. Run 'pod install' or update your CocoaPods installation.\nEOM\n    exit 1\nfi\n";
			showEnvVarsInLog = 0;
		};
		3B0BDFB41D714633B85AD8ED /* Copy Pods Resources */ = {
			isa = PBXShellScriptBuildPhase;
			buildActionMask = 2147483647;
			files = (
			);
			inputPaths = (
			);
			name = "Copy Pods Resources";
			outputPaths = (
			);
			runOnlyForDeploymentPostprocessing = 0;
			shellPath = /bin/sh;
			shellScript = "\"${SRCROOT}/Pods/Pods-resources.sh\"\n";
			showEnvVarsInLog = 0;
		};
/* End PBXShellScriptBuildPhase section */

/* Begin PBXSourcesBuildPhase section */
		32F88A0E1885583A005020DA /* Sources */ = {
			isa = PBXSourcesBuildPhase;
			buildActionMask = 2147483647;
			files = (
				32B1F8421891D4350051C3DF /* AFDownloadRequestOperation.m in Sources */,
				32B1F84B1891D4350051C3DF /* UIImageView+AFNetworking.m in Sources */,
				32F88A4D18856B1B005020DA /* DKMainViewController.m in Sources */,
				32B1F8461891D4350051C3DF /* AFJSONRequestOperation.m in Sources */,
				32B1F8441891D4350051C3DF /* AFHTTPRequestOperation.m in Sources */,
				32B1F84A1891D4350051C3DF /* AFXMLRequestOperation.m in Sources */,
				32B1F8491891D4350051C3DF /* AFURLConnectionOperation.m in Sources */,
				32B1F8451891D4350051C3DF /* AFImageRequestOperation.m in Sources */,
				32B1F8431891D4350051C3DF /* AFHTTPClient.m in Sources */,
				328F0B0418902DC7004234C4 /* DKAboutViewController.m in Sources */,
				32B1F82A1891D2D60051C3DF /* NCMusicEngine.m in Sources */,
				32B1F8481891D4350051C3DF /* AFPropertyListRequestOperation.m in Sources */,
				32F88A241885583A005020DA /* main.m in Sources */,
				32B1F8471891D4350051C3DF /* AFNetworkActivityIndicatorManager.m in Sources */,
				32F88A281885583B005020DA /* DKAppDelegate.m in Sources */,
				328F0AF518901933004234C4 /* DKColorViewController.m in Sources */,
				32F88A2B1885583B005020DA /* snegiriRadio.xcdatamodeld in Sources */,
			);
			runOnlyForDeploymentPostprocessing = 0;
		};
		32F88A2E1885583B005020DA /* Sources */ = {
			isa = PBXSourcesBuildPhase;
			buildActionMask = 2147483647;
			files = (
				32F88A411885583B005020DA /* snegiriRadioTests.m in Sources */,
			);
			runOnlyForDeploymentPostprocessing = 0;
		};
/* End PBXSourcesBuildPhase section */

/* Begin PBXTargetDependency section */
		32F88A391885583B005020DA /* PBXTargetDependency */ = {
			isa = PBXTargetDependency;
			target = 32F88A111885583A005020DA /* snegiriRadio */;
			targetProxy = 32F88A381885583B005020DA /* PBXContainerItemProxy */;
		};
/* End PBXTargetDependency section */

/* Begin PBXVariantGroup section */
		32F88A201885583A005020DA /* InfoPlist.strings */ = {
			isa = PBXVariantGroup;
			children = (
				32F88A211885583A005020DA /* en */,
			);
			name = InfoPlist.strings;
			sourceTree = "<group>";
		};
		32F88A3D1885583B005020DA /* InfoPlist.strings */ = {
			isa = PBXVariantGroup;
			children = (
				32F88A3E1885583B005020DA /* en */,
			);
			name = InfoPlist.strings;
			sourceTree = "<group>";
		};
/* End PBXVariantGroup section */

/* Begin XCBuildConfiguration section */
		32F88A421885583B005020DA /* Debug */ = {
			isa = XCBuildConfiguration;
			buildSettings = {
				ALWAYS_SEARCH_USER_PATHS = NO;
				ARCHS = "$(ARCHS_STANDARD_INCLUDING_64_BIT)";
				CLANG_CXX_LANGUAGE_STANDARD = "gnu++0x";
				CLANG_CXX_LIBRARY = "libc++";
				CLANG_ENABLE_MODULES = YES;
				CLANG_ENABLE_OBJC_ARC = YES;
				CLANG_WARN_BOOL_CONVERSION = YES;
				CLANG_WARN_CONSTANT_CONVERSION = YES;
				CLANG_WARN_DIRECT_OBJC_ISA_USAGE = YES_ERROR;
				CLANG_WARN_EMPTY_BODY = YES;
				CLANG_WARN_ENUM_CONVERSION = YES;
				CLANG_WARN_INT_CONVERSION = YES;
				CLANG_WARN_OBJC_ROOT_CLASS = YES_ERROR;
				CLANG_WARN__DUPLICATE_METHOD_MATCH = YES;
				"CODE_SIGN_IDENTITY[sdk=iphoneos*]" = "iPhone Developer";
				COMPRESS_PNG_FILES = NO;
				COPY_PHASE_STRIP = NO;
				GCC_C_LANGUAGE_STANDARD = gnu99;
				GCC_DYNAMIC_NO_PIC = NO;
				GCC_OPTIMIZATION_LEVEL = 0;
				GCC_PREPROCESSOR_DEFINITIONS = (
					"DEBUG=1",
					"$(inherited)",
				);
				GCC_SYMBOLS_PRIVATE_EXTERN = NO;
				GCC_WARN_64_TO_32_BIT_CONVERSION = YES;
				GCC_WARN_ABOUT_RETURN_TYPE = YES_ERROR;
				GCC_WARN_UNDECLARED_SELECTOR = YES;
				GCC_WARN_UNINITIALIZED_AUTOS = YES;
				GCC_WARN_UNUSED_FUNCTION = YES;
				GCC_WARN_UNUSED_VARIABLE = YES;
				IPHONEOS_DEPLOYMENT_TARGET = 7.0;
				ONLY_ACTIVE_ARCH = YES;
				SDKROOT = iphoneos;
				TARGETED_DEVICE_FAMILY = "1,2";
			};
			name = Debug;
		};
		32F88A431885583B005020DA /* Release */ = {
			isa = XCBuildConfiguration;
			buildSettings = {
				ALWAYS_SEARCH_USER_PATHS = NO;
				ARCHS = "$(ARCHS_STANDARD_INCLUDING_64_BIT)";
				CLANG_CXX_LANGUAGE_STANDARD = "gnu++0x";
				CLANG_CXX_LIBRARY = "libc++";
				CLANG_ENABLE_MODULES = YES;
				CLANG_ENABLE_OBJC_ARC = YES;
				CLANG_WARN_BOOL_CONVERSION = YES;
				CLANG_WARN_CONSTANT_CONVERSION = YES;
				CLANG_WARN_DIRECT_OBJC_ISA_USAGE = YES_ERROR;
				CLANG_WARN_EMPTY_BODY = YES;
				CLANG_WARN_ENUM_CONVERSION = YES;
				CLANG_WARN_INT_CONVERSION = YES;
				CLANG_WARN_OBJC_ROOT_CLASS = YES_ERROR;
				CLANG_WARN__DUPLICATE_METHOD_MATCH = YES;
				"CODE_SIGN_IDENTITY[sdk=iphoneos*]" = "iPhone Developer";
				COMPRESS_PNG_FILES = NO;
				COPY_PHASE_STRIP = YES;
				ENABLE_NS_ASSERTIONS = NO;
				GCC_C_LANGUAGE_STANDARD = gnu99;
				GCC_WARN_64_TO_32_BIT_CONVERSION = YES;
				GCC_WARN_ABOUT_RETURN_TYPE = YES_ERROR;
				GCC_WARN_UNDECLARED_SELECTOR = YES;
				GCC_WARN_UNINITIALIZED_AUTOS = YES;
				GCC_WARN_UNUSED_FUNCTION = YES;
				GCC_WARN_UNUSED_VARIABLE = YES;
				IPHONEOS_DEPLOYMENT_TARGET = 7.0;
				SDKROOT = iphoneos;
				TARGETED_DEVICE_FAMILY = "1,2";
				VALIDATE_PRODUCT = YES;
			};
			name = Release;
		};
		32F88A451885583B005020DA /* Debug */ = {
			isa = XCBuildConfiguration;
			baseConfigurationReference = A2FAEC280AB94E1BA1BC948F /* Pods.xcconfig */;
			buildSettings = {
				ASSETCATALOG_COMPILER_APPICON_NAME = AppIcon;
				ASSETCATALOG_COMPILER_LAUNCHIMAGE_NAME = LaunchImage;
				CODE_SIGN_IDENTITY = "iPhone Developer";
				COMPRESS_PNG_FILES = NO;
				GCC_PRECOMPILE_PREFIX_HEADER = YES;
				GCC_PREFIX_HEADER = "snegiriRadio/snegiriRadio-Prefix.pch";
				INFOPLIST_FILE = "snegiriRadio/snegiriRadio-Info.plist";
				PRODUCT_NAME = "$(TARGET_NAME)";
				WRAPPER_EXTENSION = app;
			};
			name = Debug;
		};
		32F88A461885583B005020DA /* Release */ = {
			isa = XCBuildConfiguration;
			baseConfigurationReference = A2FAEC280AB94E1BA1BC948F /* Pods.xcconfig */;
			buildSettings = {
				ASSETCATALOG_COMPILER_APPICON_NAME = AppIcon;
				ASSETCATALOG_COMPILER_LAUNCHIMAGE_NAME = LaunchImage;
				CODE_SIGN_IDENTITY = "iPhone Developer";
				COMPRESS_PNG_FILES = NO;
				GCC_PRECOMPILE_PREFIX_HEADER = YES;
				GCC_PREFIX_HEADER = "snegiriRadio/snegiriRadio-Prefix.pch";
				INFOPLIST_FILE = "snegiriRadio/snegiriRadio-Info.plist";
				PRODUCT_NAME = "$(TARGET_NAME)";
				WRAPPER_EXTENSION = app;
			};
			name = Release;
		};
		32F88A481885583B005020DA /* Debug */ = {
			isa = XCBuildConfiguration;
			buildSettings = {
				ARCHS = "$(ARCHS_STANDARD_INCLUDING_64_BIT)";
				BUNDLE_LOADER = "$(BUILT_PRODUCTS_DIR)/snegiriRadio.app/snegiriRadio";
				FRAMEWORK_SEARCH_PATHS = (
					"$(SDKROOT)/Developer/Library/Frameworks",
					"$(inherited)",
					"$(DEVELOPER_FRAMEWORKS_DIR)",
				);
				GCC_PRECOMPILE_PREFIX_HEADER = YES;
				GCC_PREFIX_HEADER = "snegiriRadio/snegiriRadio-Prefix.pch";
				GCC_PREPROCESSOR_DEFINITIONS = (
					"DEBUG=1",
					"$(inherited)",
				);
				INFOPLIST_FILE = "snegiriRadioTests/snegiriRadioTests-Info.plist";
				PRODUCT_NAME = "$(TARGET_NAME)";
				TEST_HOST = "$(BUNDLE_LOADER)";
				WRAPPER_EXTENSION = xctest;
			};
			name = Debug;
		};
		32F88A491885583B005020DA /* Release */ = {
			isa = XCBuildConfiguration;
			buildSettings = {
				ARCHS = "$(ARCHS_STANDARD_INCLUDING_64_BIT)";
				BUNDLE_LOADER = "$(BUILT_PRODUCTS_DIR)/snegiriRadio.app/snegiriRadio";
				FRAMEWORK_SEARCH_PATHS = (
					"$(SDKROOT)/Developer/Library/Frameworks",
					"$(inherited)",
					"$(DEVELOPER_FRAMEWORKS_DIR)",
				);
				GCC_PRECOMPILE_PREFIX_HEADER = YES;
				GCC_PREFIX_HEADER = "snegiriRadio/snegiriRadio-Prefix.pch";
				INFOPLIST_FILE = "snegiriRadioTests/snegiriRadioTests-Info.plist";
				PRODUCT_NAME = "$(TARGET_NAME)";
				TEST_HOST = "$(BUNDLE_LOADER)";
				WRAPPER_EXTENSION = xctest;
			};
			name = Release;
		};
/* End XCBuildConfiguration section */

/* Begin XCConfigurationList section */
		32F88A0D1885583A005020DA /* Build configuration list for PBXProject "SnegiriRadio" */ = {
			isa = XCConfigurationList;
			buildConfigurations = (
				32F88A421885583B005020DA /* Debug */,
				32F88A431885583B005020DA /* Release */,
			);
			defaultConfigurationIsVisible = 0;
			defaultConfigurationName = Release;
		};
		32F88A441885583B005020DA /* Build configuration list for PBXNativeTarget "snegiriRadio" */ = {
			isa = XCConfigurationList;
			buildConfigurations = (
				32F88A451885583B005020DA /* Debug */,
				32F88A461885583B005020DA /* Release */,
			);
			defaultConfigurationIsVisible = 0;
			defaultConfigurationName = Release;
		};
		32F88A471885583B005020DA /* Build configuration list for PBXNativeTarget "snegiriRadioTests" */ = {
			isa = XCConfigurationList;
			buildConfigurations = (
				32F88A481885583B005020DA /* Debug */,
				32F88A491885583B005020DA /* Release */,
			);
			defaultConfigurationIsVisible = 0;
			defaultConfigurationName = Release;
		};
/* End XCConfigurationList section */

/* Begin XCVersionGroup section */
		32F88A291885583B005020DA /* snegiriRadio.xcdatamodeld */ = {
			isa = XCVersionGroup;
			children = (
				32F88A2A1885583B005020DA /* snegiriRadio.xcdatamodel */,
			);
			currentVersion = 32F88A2A1885583B005020DA /* snegiriRadio.xcdatamodel */;
			path = snegiriRadio.xcdatamodeld;
			sourceTree = "<group>";
			versionGroupType = wrapper.xcdatamodel;
		};
/* End XCVersionGroup section */
	};
	rootObject = 32F88A0A1885583A005020DA /* Project object */;
}
